// !$*UTF8*$!
{
	archiveVersion = 1;
	classes = {
	};
	objectVersion = 50;
	objects = {

/* Begin PBXBuildFile section */
		AA1AB901222BDF530088E3D8 /* UserDefaults.swift in Sources */ = {isa = PBXBuildFile; fileRef = AA1AB900222BDF530088E3D8 /* UserDefaults.swift */; };
		AA1AB903222BE8170088E3D8 /* CustomNavigationController.swift in Sources */ = {isa = PBXBuildFile; fileRef = AA1AB902222BE8170088E3D8 /* CustomNavigationController.swift */; };
		AA2CC7EE2230290400FE3776 /* ThemesViewController.m in Sources */ = {isa = PBXBuildFile; fileRef = AA69B8AE222AE9F2001B9694 /* ThemesViewController.m */; };
		AA3D28E822243BA60001D79F /* ControllerList+SearchBarDelegate.swift in Sources */ = {isa = PBXBuildFile; fileRef = AA3D28E722243BA60001D79F /* ControllerList+SearchBarDelegate.swift */; };
		AA3D28EA22243C0E0001D79F /* ConversationList+TableViewDelegate.swift in Sources */ = {isa = PBXBuildFile; fileRef = AA3D28E922243C0E0001D79F /* ConversationList+TableViewDelegate.swift */; };
		AA3D28EC22243C340001D79F /* ConversationList+DataSource.swift in Sources */ = {isa = PBXBuildFile; fileRef = AA3D28EB22243C340001D79F /* ConversationList+DataSource.swift */; };
		AA69B8B5222AEFB5001B9694 /* Themes.m in Sources */ = {isa = PBXBuildFile; fileRef = AA69B8B2222AEC24001B9694 /* Themes.m */; };
		AA69B8B7222AF18A001B9694 /* ConversationList+ThemesViewControllerDelegate.swift in Sources */ = {isa = PBXBuildFile; fileRef = AA69B8B6222AF18A001B9694 /* ConversationList+ThemesViewControllerDelegate.swift */; };
		AA912040222F96BC00CD470C /* ConversationListCV+CustomNavigationControllerDelegate.swift in Sources */ = {isa = PBXBuildFile; fileRef = AA91203F222F96BC00CD470C /* ConversationListCV+CustomNavigationControllerDelegate.swift */; };
		AAA23AAC221B0A11001BC709 /* Actions.swift in Sources */ = {isa = PBXBuildFile; fileRef = AAA23AAB221B0A11001BC709 /* Actions.swift */; };
		AAA23AB0221B0AD8001BC709 /* ProfileVC+UIImagePickerDelegate.swift in Sources */ = {isa = PBXBuildFile; fileRef = AAA23AAF221B0AD8001BC709 /* ProfileVC+UIImagePickerDelegate.swift */; };
		AABA1981220F043100321179 /* Debug.swift in Sources */ = {isa = PBXBuildFile; fileRef = AABA1980220F043100321179 /* Debug.swift */; };
		AAD73B67221EF6870085512B /* ConversationListViewController.swift in Sources */ = {isa = PBXBuildFile; fileRef = AAD73B66221EF6870085512B /* ConversationListViewController.swift */; };
		AAD73B6C221EF8680085512B /* ConversationTableViewCell.swift in Sources */ = {isa = PBXBuildFile; fileRef = AAD73B6B221EF8680085512B /* ConversationTableViewCell.swift */; };
		AAD73B6E221F032E0085512B /* Anchor.swift in Sources */ = {isa = PBXBuildFile; fileRef = AAD73B6D221F032E0085512B /* Anchor.swift */; };
		AAD73B70221F072B0085512B /* ConversationCellModelHelper.swift in Sources */ = {isa = PBXBuildFile; fileRef = AAD73B6F221F072B0085512B /* ConversationCellModelHelper.swift */; };
		AAD73B77221F14E10085512B /* ConversationViewController.swift in Sources */ = {isa = PBXBuildFile; fileRef = AAD73B76221F14E10085512B /* ConversationViewController.swift */; };
		AAD73B7B221F2E180085512B /* MessageTableViewCell.swift in Sources */ = {isa = PBXBuildFile; fileRef = AAD73B7A221F2E180085512B /* MessageTableViewCell.swift */; };
		AAD73B7D221F3B880085512B /* ConversationMessageModelHelper.swift in Sources */ = {isa = PBXBuildFile; fileRef = AAD73B7C221F3B880085512B /* ConversationMessageModelHelper.swift */; };
		AAF22770220BD16000AF5DFA /* AppDelegate.swift in Sources */ = {isa = PBXBuildFile; fileRef = AAF2276F220BD16000AF5DFA /* AppDelegate.swift */; };
		AAF22772220BD16000AF5DFA /* ProfileViewController.swift in Sources */ = {isa = PBXBuildFile; fileRef = AAF22771220BD16000AF5DFA /* ProfileViewController.swift */; };
		AAF22775220BD16000AF5DFA /* Main.storyboard in Resources */ = {isa = PBXBuildFile; fileRef = AAF22773220BD16000AF5DFA /* Main.storyboard */; };
		AAF22778220BD16000AF5DFA /* FintechChat.xcdatamodeld in Sources */ = {isa = PBXBuildFile; fileRef = AAF22776220BD16000AF5DFA /* FintechChat.xcdatamodeld */; };
		AAF2277A220BD16100AF5DFA /* Assets.xcassets in Resources */ = {isa = PBXBuildFile; fileRef = AAF22779220BD16100AF5DFA /* Assets.xcassets */; };
		AAF2277D220BD16100AF5DFA /* LaunchScreen.storyboard in Resources */ = {isa = PBXBuildFile; fileRef = AAF2277B220BD16100AF5DFA /* LaunchScreen.storyboard */; };
/* End PBXBuildFile section */

/* Begin PBXFileReference section */
		AA1AB900222BDF530088E3D8 /* UserDefaults.swift */ = {isa = PBXFileReference; lastKnownFileType = sourcecode.swift; path = UserDefaults.swift; sourceTree = "<group>"; };
		AA1AB902222BE8170088E3D8 /* CustomNavigationController.swift */ = {isa = PBXFileReference; lastKnownFileType = sourcecode.swift; path = CustomNavigationController.swift; sourceTree = "<group>"; };
		AA1AB904222BF6490088E3D8 /* ThemesViewController.swift */ = {isa = PBXFileReference; lastKnownFileType = sourcecode.swift; path = ThemesViewController.swift; sourceTree = "<group>"; };
		AA3D28E722243BA60001D79F /* ControllerList+SearchBarDelegate.swift */ = {isa = PBXFileReference; lastKnownFileType = sourcecode.swift; path = "ControllerList+SearchBarDelegate.swift"; sourceTree = "<group>"; };
		AA3D28E922243C0E0001D79F /* ConversationList+TableViewDelegate.swift */ = {isa = PBXFileReference; lastKnownFileType = sourcecode.swift; path = "ConversationList+TableViewDelegate.swift"; sourceTree = "<group>"; };
		AA3D28EB22243C340001D79F /* ConversationList+DataSource.swift */ = {isa = PBXFileReference; lastKnownFileType = sourcecode.swift; path = "ConversationList+DataSource.swift"; sourceTree = "<group>"; };
		AA5B6804222AE900007E838B /* ThemesViewControllerDelegate.h */ = {isa = PBXFileReference; lastKnownFileType = sourcecode.c.h; path = ThemesViewControllerDelegate.h; sourceTree = "<group>"; };
		AA69B8AE222AE9F2001B9694 /* ThemesViewController.m */ = {isa = PBXFileReference; lastKnownFileType = sourcecode.c.objc; path = ThemesViewController.m; sourceTree = "<group>"; };
		AA69B8B0222AEA03001B9694 /* ThemesViewController.h */ = {isa = PBXFileReference; lastKnownFileType = sourcecode.c.h; path = ThemesViewController.h; sourceTree = "<group>"; };
		AA69B8B1222AEBB6001B9694 /* Themes.h */ = {isa = PBXFileReference; lastKnownFileType = sourcecode.c.h; path = Themes.h; sourceTree = "<group>"; };
		AA69B8B2222AEC24001B9694 /* Themes.m */ = {isa = PBXFileReference; lastKnownFileType = sourcecode.c.objc; path = Themes.m; sourceTree = "<group>"; };
		AA69B8B4222AEF35001B9694 /* Bridging-Header.h */ = {isa = PBXFileReference; lastKnownFileType = sourcecode.c.h; path = "Bridging-Header.h"; sourceTree = "<group>"; };
		AA69B8B6222AF18A001B9694 /* ConversationList+ThemesViewControllerDelegate.swift */ = {isa = PBXFileReference; lastKnownFileType = sourcecode.swift; path = "ConversationList+ThemesViewControllerDelegate.swift"; sourceTree = "<group>"; };
		AA91203F222F96BC00CD470C /* ConversationListCV+CustomNavigationControllerDelegate.swift */ = {isa = PBXFileReference; lastKnownFileType = sourcecode.swift; path = "ConversationListCV+CustomNavigationControllerDelegate.swift"; sourceTree = "<group>"; };
		AAA23AAB221B0A11001BC709 /* Actions.swift */ = {isa = PBXFileReference; lastKnownFileType = sourcecode.swift; path = Actions.swift; sourceTree = "<group>"; };
		AAA23AAF221B0AD8001BC709 /* ProfileVC+UIImagePickerDelegate.swift */ = {isa = PBXFileReference; lastKnownFileType = sourcecode.swift; path = "ProfileVC+UIImagePickerDelegate.swift"; sourceTree = "<group>"; };
		AABA1980220F043100321179 /* Debug.swift */ = {isa = PBXFileReference; lastKnownFileType = sourcecode.swift; path = Debug.swift; sourceTree = "<group>"; };
		AAD73B66221EF6870085512B /* ConversationListViewController.swift */ = {isa = PBXFileReference; lastKnownFileType = sourcecode.swift; path = ConversationListViewController.swift; sourceTree = "<group>"; };
		AAD73B6B221EF8680085512B /* ConversationTableViewCell.swift */ = {isa = PBXFileReference; lastKnownFileType = sourcecode.swift; path = ConversationTableViewCell.swift; sourceTree = "<group>"; };
		AAD73B6D221F032E0085512B /* Anchor.swift */ = {isa = PBXFileReference; lastKnownFileType = sourcecode.swift; path = Anchor.swift; sourceTree = "<group>"; };
		AAD73B6F221F072B0085512B /* ConversationCellModelHelper.swift */ = {isa = PBXFileReference; lastKnownFileType = sourcecode.swift; path = ConversationCellModelHelper.swift; sourceTree = "<group>"; };
		AAD73B76221F14E10085512B /* ConversationViewController.swift */ = {isa = PBXFileReference; lastKnownFileType = sourcecode.swift; path = ConversationViewController.swift; sourceTree = "<group>"; };
		AAD73B7A221F2E180085512B /* MessageTableViewCell.swift */ = {isa = PBXFileReference; lastKnownFileType = sourcecode.swift; path = MessageTableViewCell.swift; sourceTree = "<group>"; };
		AAD73B7C221F3B880085512B /* ConversationMessageModelHelper.swift */ = {isa = PBXFileReference; lastKnownFileType = sourcecode.swift; path = ConversationMessageModelHelper.swift; sourceTree = "<group>"; };
		AAF2276C220BD16000AF5DFA /* FintechChat.app */ = {isa = PBXFileReference; explicitFileType = wrapper.application; includeInIndex = 0; path = FintechChat.app; sourceTree = BUILT_PRODUCTS_DIR; };
		AAF2276F220BD16000AF5DFA /* AppDelegate.swift */ = {isa = PBXFileReference; lastKnownFileType = sourcecode.swift; path = AppDelegate.swift; sourceTree = "<group>"; };
		AAF22771220BD16000AF5DFA /* ProfileViewController.swift */ = {isa = PBXFileReference; lastKnownFileType = sourcecode.swift; path = ProfileViewController.swift; sourceTree = "<group>"; };
		AAF22774220BD16000AF5DFA /* Base */ = {isa = PBXFileReference; lastKnownFileType = file.storyboard; name = Base; path = Base.lproj/Main.storyboard; sourceTree = "<group>"; };
		AAF22777220BD16000AF5DFA /* FintechChat.xcdatamodel */ = {isa = PBXFileReference; lastKnownFileType = wrapper.xcdatamodel; path = FintechChat.xcdatamodel; sourceTree = "<group>"; };
		AAF22779220BD16100AF5DFA /* Assets.xcassets */ = {isa = PBXFileReference; lastKnownFileType = folder.assetcatalog; path = Assets.xcassets; sourceTree = "<group>"; };
		AAF2277C220BD16100AF5DFA /* Base */ = {isa = PBXFileReference; lastKnownFileType = file.storyboard; name = Base; path = Base.lproj/LaunchScreen.storyboard; sourceTree = "<group>"; };
		AAF2277E220BD16100AF5DFA /* Info.plist */ = {isa = PBXFileReference; lastKnownFileType = text.plist.xml; path = Info.plist; sourceTree = "<group>"; };
/* End PBXFileReference section */

/* Begin PBXFrameworksBuildPhase section */
		AAF22769220BD16000AF5DFA /* Frameworks */ = {
			isa = PBXFrameworksBuildPhase;
			buildActionMask = 2147483647;
			files = (
			);
			runOnlyForDeploymentPostprocessing = 0;
		};
/* End PBXFrameworksBuildPhase section */

/* Begin PBXGroup section */
		AA5B67FB222AE0EB007E838B /* Models */ = {
			isa = PBXGroup;
			children = (
				AA69B8B1222AEBB6001B9694 /* Themes.h */,
				AA69B8B2222AEC24001B9694 /* Themes.m */,
			);
			path = Models;
			sourceTree = "<group>";
		};
		AA5B6803222AE8ED007E838B /* ThemesViewController */ = {
			isa = PBXGroup;
			children = (
				AA5B6804222AE900007E838B /* ThemesViewControllerDelegate.h */,
				AA69B8AE222AE9F2001B9694 /* ThemesViewController.m */,
				AA69B8B0222AEA03001B9694 /* ThemesViewController.h */,
				AA1AB904222BF6490088E3D8 /* ThemesViewController.swift */,
			);
			path = ThemesViewController;
			sourceTree = "<group>";
		};
		AAA23AAD221B0A9E001BC709 /* Controllers */ = {
			isa = PBXGroup;
			children = (
				AA5B6803222AE8ED007E838B /* ThemesViewController */,
				AAD73B75221F14C60085512B /* ConversationViewController */,
				AAD73B65221EF6760085512B /* ConversationListCV */,
				AAA23AAE221B0AB7001BC709 /* ProfileViewController */,
			);
			path = Controllers;
			sourceTree = "<group>";
		};
		AAA23AAE221B0AB7001BC709 /* ProfileViewController */ = {
			isa = PBXGroup;
			children = (
				AAF22771220BD16000AF5DFA /* ProfileViewController.swift */,
				AAA23AAF221B0AD8001BC709 /* ProfileVC+UIImagePickerDelegate.swift */,
			);
			path = ProfileViewController;
			sourceTree = "<group>";
		};
		AABA197F220F041F00321179 /* Helpers */ = {
			isa = PBXGroup;
			children = (
				AABA1980220F043100321179 /* Debug.swift */,
				AAA23AAB221B0A11001BC709 /* Actions.swift */,
				AAD73B6D221F032E0085512B /* Anchor.swift */,
				AAD73B6F221F072B0085512B /* ConversationCellModelHelper.swift */,
				AAD73B7C221F3B880085512B /* ConversationMessageModelHelper.swift */,
				AA1AB900222BDF530088E3D8 /* UserDefaults.swift */,
				AA1AB902222BE8170088E3D8 /* CustomNavigationController.swift */,
			);
			path = Helpers;
			sourceTree = "<group>";
		};
		AAD73B65221EF6760085512B /* ConversationListCV */ = {
			isa = PBXGroup;
			children = (
				AAD73B66221EF6870085512B /* ConversationListViewController.swift */,
				AA3D28E722243BA60001D79F /* ControllerList+SearchBarDelegate.swift */,
				AA3D28E922243C0E0001D79F /* ConversationList+TableViewDelegate.swift */,
				AA3D28EB22243C340001D79F /* ConversationList+DataSource.swift */,
				AA69B8B6222AF18A001B9694 /* ConversationList+ThemesViewControllerDelegate.swift */,
				AA91203F222F96BC00CD470C /* ConversationListCV+CustomNavigationControllerDelegate.swift */,
			);
			path = ConversationListCV;
			sourceTree = "<group>";
		};
		AAD73B68221EF6E60085512B /* Views */ = {
			isa = PBXGroup;
			children = (
				AAD73B6B221EF8680085512B /* ConversationTableViewCell.swift */,
				AAD73B7A221F2E180085512B /* MessageTableViewCell.swift */,
			);
			path = Views;
			sourceTree = "<group>";
		};
		AAD73B75221F14C60085512B /* ConversationViewController */ = {
			isa = PBXGroup;
			children = (
				AAD73B76221F14E10085512B /* ConversationViewController.swift */,
			);
			path = ConversationViewController;
			sourceTree = "<group>";
		};
		AAF22763220BD16000AF5DFA = {
			isa = PBXGroup;
			children = (
				AAF2276E220BD16000AF5DFA /* FintechChat */,
				AAF2276D220BD16000AF5DFA /* Products */,
			);
			sourceTree = "<group>";
		};
		AAF2276D220BD16000AF5DFA /* Products */ = {
			isa = PBXGroup;
			children = (
				AAF2276C220BD16000AF5DFA /* FintechChat.app */,
			);
			name = Products;
			sourceTree = "<group>";
		};
		AAF2276E220BD16000AF5DFA /* FintechChat */ = {
			isa = PBXGroup;
			children = (
				AA5B67FB222AE0EB007E838B /* Models */,
				AAD73B68221EF6E60085512B /* Views */,
				AAA23AAD221B0A9E001BC709 /* Controllers */,
				AABA197F220F041F00321179 /* Helpers */,
				AAF2276F220BD16000AF5DFA /* AppDelegate.swift */,
				AAF22773220BD16000AF5DFA /* Main.storyboard */,
				AAF22779220BD16100AF5DFA /* Assets.xcassets */,
				AAF2277B220BD16100AF5DFA /* LaunchScreen.storyboard */,
				AAF2277E220BD16100AF5DFA /* Info.plist */,
				AAF22776220BD16000AF5DFA /* FintechChat.xcdatamodeld */,
				AA69B8B4222AEF35001B9694 /* Bridging-Header.h */,
			);
			path = FintechChat;
			sourceTree = "<group>";
		};
/* End PBXGroup section */

/* Begin PBXNativeTarget section */
		AAF2276B220BD16000AF5DFA /* FintechChat */ = {
			isa = PBXNativeTarget;
			buildConfigurationList = AAF22781220BD16100AF5DFA /* Build configuration list for PBXNativeTarget "FintechChat" */;
			buildPhases = (
				AAF22768220BD16000AF5DFA /* Sources */,
				AAF22769220BD16000AF5DFA /* Frameworks */,
				AAF2276A220BD16000AF5DFA /* Resources */,
			);
			buildRules = (
			);
			dependencies = (
			);
			name = FintechChat;
			productName = FintechChat;
			productReference = AAF2276C220BD16000AF5DFA /* FintechChat.app */;
			productType = "com.apple.product-type.application";
		};
/* End PBXNativeTarget section */

/* Begin PBXProject section */
		AAF22764220BD16000AF5DFA /* Project object */ = {
			isa = PBXProject;
			attributes = {
				LastSwiftUpdateCheck = 1010;
				LastUpgradeCheck = 1010;
				ORGANIZATIONNAME = "Christian Benua";
				TargetAttributes = {
					AAF2276B220BD16000AF5DFA = {
						CreatedOnToolsVersion = 10.1;
						LastSwiftMigration = 1010;
					};
				};
			};
			buildConfigurationList = AAF22767220BD16000AF5DFA /* Build configuration list for PBXProject "FintechChat" */;
			compatibilityVersion = "Xcode 9.3";
			developmentRegion = en;
			hasScannedForEncodings = 0;
			knownRegions = (
				en,
				Base,
			);
			mainGroup = AAF22763220BD16000AF5DFA;
			productRefGroup = AAF2276D220BD16000AF5DFA /* Products */;
			projectDirPath = "";
			projectRoot = "";
			targets = (
				AAF2276B220BD16000AF5DFA /* FintechChat */,
			);
		};
/* End PBXProject section */

/* Begin PBXResourcesBuildPhase section */
		AAF2276A220BD16000AF5DFA /* Resources */ = {
			isa = PBXResourcesBuildPhase;
			buildActionMask = 2147483647;
			files = (
				AAF2277D220BD16100AF5DFA /* LaunchScreen.storyboard in Resources */,
				AAF2277A220BD16100AF5DFA /* Assets.xcassets in Resources */,
				AAF22775220BD16000AF5DFA /* Main.storyboard in Resources */,
			);
			runOnlyForDeploymentPostprocessing = 0;
		};
/* End PBXResourcesBuildPhase section */

/* Begin PBXSourcesBuildPhase section */
		AAF22768220BD16000AF5DFA /* Sources */ = {
			isa = PBXSourcesBuildPhase;
			buildActionMask = 2147483647;
			files = (
				AA3D28E822243BA60001D79F /* ControllerList+SearchBarDelegate.swift in Sources */,
				AAD73B6C221EF8680085512B /* ConversationTableViewCell.swift in Sources */,
				AAD73B70221F072B0085512B /* ConversationCellModelHelper.swift in Sources */,
				AAA23AAC221B0A11001BC709 /* Actions.swift in Sources */,
				AAD73B7D221F3B880085512B /* ConversationMessageModelHelper.swift in Sources */,
				AAA23AB0221B0AD8001BC709 /* ProfileVC+UIImagePickerDelegate.swift in Sources */,
				AA1AB903222BE8170088E3D8 /* CustomNavigationController.swift in Sources */,
				AAF22778220BD16000AF5DFA /* FintechChat.xcdatamodeld in Sources */,
				AA912040222F96BC00CD470C /* ConversationListCV+CustomNavigationControllerDelegate.swift in Sources */,
				AAD73B7B221F2E180085512B /* MessageTableViewCell.swift in Sources */,
				AA2CC7EE2230290400FE3776 /* ThemesViewController.m in Sources */,
				AAD73B67221EF6870085512B /* ConversationListViewController.swift in Sources */,
				AA3D28EA22243C0E0001D79F /* ConversationList+TableViewDelegate.swift in Sources */,
				AABA1981220F043100321179 /* Debug.swift in Sources */,
				AA3D28EC22243C340001D79F /* ConversationList+DataSource.swift in Sources */,
				AAF22772220BD16000AF5DFA /* ProfileViewController.swift in Sources */,
				AA69B8B7222AF18A001B9694 /* ConversationList+ThemesViewControllerDelegate.swift in Sources */,
				AAD73B6E221F032E0085512B /* Anchor.swift in Sources */,
				AA1AB901222BDF530088E3D8 /* UserDefaults.swift in Sources */,
				AA69B8B5222AEFB5001B9694 /* Themes.m in Sources */,
				AAD73B77221F14E10085512B /* ConversationViewController.swift in Sources */,
				AAF22770220BD16000AF5DFA /* AppDelegate.swift in Sources */,
			);
			runOnlyForDeploymentPostprocessing = 0;
		};
/* End PBXSourcesBuildPhase section */

/* Begin PBXVariantGroup section */
		AAF22773220BD16000AF5DFA /* Main.storyboard */ = {
			isa = PBXVariantGroup;
			children = (
				AAF22774220BD16000AF5DFA /* Base */,
			);
			name = Main.storyboard;
			sourceTree = "<group>";
		};
		AAF2277B220BD16100AF5DFA /* LaunchScreen.storyboard */ = {
			isa = PBXVariantGroup;
			children = (
				AAF2277C220BD16100AF5DFA /* Base */,
			);
			name = LaunchScreen.storyboard;
			sourceTree = "<group>";
		};
/* End PBXVariantGroup section */

/* Begin XCBuildConfiguration section */
		AAF2277F220BD16100AF5DFA /* Debug */ = {
			isa = XCBuildConfiguration;
			buildSettings = {
				ALWAYS_SEARCH_USER_PATHS = NO;
				CLANG_ANALYZER_NONNULL = YES;
				CLANG_ANALYZER_NUMBER_OBJECT_CONVERSION = YES_AGGRESSIVE;
				CLANG_CXX_LANGUAGE_STANDARD = "gnu++14";
				CLANG_CXX_LIBRARY = "libc++";
				CLANG_ENABLE_MODULES = YES;
				CLANG_ENABLE_OBJC_ARC = NO;
				CLANG_ENABLE_OBJC_WEAK = YES;
				CLANG_WARN_BLOCK_CAPTURE_AUTORELEASING = YES;
				CLANG_WARN_BOOL_CONVERSION = YES;
				CLANG_WARN_COMMA = YES;
				CLANG_WARN_CONSTANT_CONVERSION = YES;
				CLANG_WARN_DEPRECATED_OBJC_IMPLEMENTATIONS = YES;
				CLANG_WARN_DIRECT_OBJC_ISA_USAGE = YES_ERROR;
				CLANG_WARN_DOCUMENTATION_COMMENTS = YES;
				CLANG_WARN_EMPTY_BODY = YES;
				CLANG_WARN_ENUM_CONVERSION = YES;
				CLANG_WARN_INFINITE_RECURSION = YES;
				CLANG_WARN_INT_CONVERSION = YES;
				CLANG_WARN_NON_LITERAL_NULL_CONVERSION = YES;
				CLANG_WARN_OBJC_IMPLICIT_RETAIN_SELF = YES;
				CLANG_WARN_OBJC_LITERAL_CONVERSION = YES;
				CLANG_WARN_OBJC_ROOT_CLASS = YES_ERROR;
				CLANG_WARN_RANGE_LOOP_ANALYSIS = YES;
				CLANG_WARN_STRICT_PROTOTYPES = YES;
				CLANG_WARN_SUSPICIOUS_MOVE = YES;
				CLANG_WARN_UNGUARDED_AVAILABILITY = YES_AGGRESSIVE;
				CLANG_WARN_UNREACHABLE_CODE = YES;
				CLANG_WARN__DUPLICATE_METHOD_MATCH = YES;
				CODE_SIGN_IDENTITY = "iPhone Developer";
				COPY_PHASE_STRIP = NO;
				DEBUG_INFORMATION_FORMAT = dwarf;
				ENABLE_STRICT_OBJC_MSGSEND = YES;
				ENABLE_TESTABILITY = YES;
				GCC_C_LANGUAGE_STANDARD = gnu11;
				GCC_DYNAMIC_NO_PIC = NO;
				GCC_NO_COMMON_BLOCKS = YES;
				GCC_OPTIMIZATION_LEVEL = 0;
				GCC_PREPROCESSOR_DEFINITIONS = (
					"DEBUG=1",
					"$(inherited)",
					"DEBUGTEST=0",
				);
				GCC_WARN_64_TO_32_BIT_CONVERSION = YES;
				GCC_WARN_ABOUT_RETURN_TYPE = YES_ERROR;
				GCC_WARN_UNDECLARED_SELECTOR = YES;
				GCC_WARN_UNINITIALIZED_AUTOS = YES_AGGRESSIVE;
				GCC_WARN_UNUSED_FUNCTION = YES;
				GCC_WARN_UNUSED_VARIABLE = YES;
				IPHONEOS_DEPLOYMENT_TARGET = 12.1;
				MTL_ENABLE_DEBUG_INFO = INCLUDE_SOURCE;
				MTL_FAST_MATH = YES;
				ONLY_ACTIVE_ARCH = YES;
				SDKROOT = iphoneos;
				SWIFT_ACTIVE_COMPILATION_CONDITIONS = DEBUG;
				SWIFT_OPTIMIZATION_LEVEL = "-Onone";
			};
			name = Debug;
		};
		AAF22780220BD16100AF5DFA /* Release */ = {
			isa = XCBuildConfiguration;
			buildSettings = {
				ALWAYS_SEARCH_USER_PATHS = NO;
				CLANG_ANALYZER_NONNULL = YES;
				CLANG_ANALYZER_NUMBER_OBJECT_CONVERSION = YES_AGGRESSIVE;
				CLANG_CXX_LANGUAGE_STANDARD = "gnu++14";
				CLANG_CXX_LIBRARY = "libc++";
				CLANG_ENABLE_MODULES = YES;
				CLANG_ENABLE_OBJC_ARC = NO;
				CLANG_ENABLE_OBJC_WEAK = YES;
				CLANG_WARN_BLOCK_CAPTURE_AUTORELEASING = YES;
				CLANG_WARN_BOOL_CONVERSION = YES;
				CLANG_WARN_COMMA = YES;
				CLANG_WARN_CONSTANT_CONVERSION = YES;
				CLANG_WARN_DEPRECATED_OBJC_IMPLEMENTATIONS = YES;
				CLANG_WARN_DIRECT_OBJC_ISA_USAGE = YES_ERROR;
				CLANG_WARN_DOCUMENTATION_COMMENTS = YES;
				CLANG_WARN_EMPTY_BODY = YES;
				CLANG_WARN_ENUM_CONVERSION = YES;
				CLANG_WARN_INFINITE_RECURSION = YES;
				CLANG_WARN_INT_CONVERSION = YES;
				CLANG_WARN_NON_LITERAL_NULL_CONVERSION = YES;
				CLANG_WARN_OBJC_IMPLICIT_RETAIN_SELF = YES;
				CLANG_WARN_OBJC_LITERAL_CONVERSION = YES;
				CLANG_WARN_OBJC_ROOT_CLASS = YES_ERROR;
				CLANG_WARN_RANGE_LOOP_ANALYSIS = YES;
				CLANG_WARN_STRICT_PROTOTYPES = YES;
				CLANG_WARN_SUSPICIOUS_MOVE = YES;
				CLANG_WARN_UNGUARDED_AVAILABILITY = YES_AGGRESSIVE;
				CLANG_WARN_UNREACHABLE_CODE = YES;
				CLANG_WARN__DUPLICATE_METHOD_MATCH = YES;
				CODE_SIGN_IDENTITY = "iPhone Developer";
				COPY_PHASE_STRIP = NO;
				DEBUG_INFORMATION_FORMAT = "dwarf-with-dsym";
				ENABLE_NS_ASSERTIONS = NO;
				ENABLE_STRICT_OBJC_MSGSEND = YES;
				GCC_C_LANGUAGE_STANDARD = gnu11;
				GCC_NO_COMMON_BLOCKS = YES;
				GCC_WARN_64_TO_32_BIT_CONVERSION = YES;
				GCC_WARN_ABOUT_RETURN_TYPE = YES_ERROR;
				GCC_WARN_UNDECLARED_SELECTOR = YES;
				GCC_WARN_UNINITIALIZED_AUTOS = YES_AGGRESSIVE;
				GCC_WARN_UNUSED_FUNCTION = YES;
				GCC_WARN_UNUSED_VARIABLE = YES;
				IPHONEOS_DEPLOYMENT_TARGET = 12.1;
				MTL_ENABLE_DEBUG_INFO = NO;
				MTL_FAST_MATH = YES;
				SDKROOT = iphoneos;
				SWIFT_COMPILATION_MODE = wholemodule;
				SWIFT_OPTIMIZATION_LEVEL = "-O";
				VALIDATE_PRODUCT = YES;
			};
			name = Release;
		};
		AAF22782220BD16100AF5DFA /* Debug */ = {
			isa = XCBuildConfiguration;
			buildSettings = {
				ASSETCATALOG_COMPILER_APPICON_NAME = AppIcon;
				CLANG_ENABLE_MODULES = YES;
				CLANG_ENABLE_OBJC_ARC = NO;
				CODE_SIGN_STYLE = Automatic;
				DEVELOPMENT_TEAM = H3VR8LKG29;
				INFOPLIST_FILE = FintechChat/Info.plist;
				IPHONEOS_DEPLOYMENT_TARGET = 11.0;
				LD_RUNPATH_SEARCH_PATHS = (
					"$(inherited)",
					"@executable_path/Frameworks",
				);
				PRODUCT_BUNDLE_IDENTIFIER = Chris.FintechChat;
				PRODUCT_NAME = "$(TARGET_NAME)";
				SWIFT_OBJC_BRIDGING_HEADER = "FintechChat/Bridging-Header.h";
				SWIFT_OPTIMIZATION_LEVEL = "-Onone";
				SWIFT_VERSION = 4.2;
				TARGETED_DEVICE_FAMILY = "1,2";
			};
			name = Debug;
		};
		AAF22783220BD16100AF5DFA /* Release */ = {
			isa = XCBuildConfiguration;
			buildSettings = {
				ASSETCATALOG_COMPILER_APPICON_NAME = AppIcon;
				CLANG_ENABLE_MODULES = YES;
				CLANG_ENABLE_OBJC_ARC = NO;
				CODE_SIGN_STYLE = Automatic;
				DEVELOPMENT_TEAM = H3VR8LKG29;
				INFOPLIST_FILE = FintechChat/Info.plist;
				IPHONEOS_DEPLOYMENT_TARGET = 11.0;
				LD_RUNPATH_SEARCH_PATHS = (
					"$(inherited)",
					"@executable_path/Frameworks",
				);
				PRODUCT_BUNDLE_IDENTIFIER = Chris.FintechChat;
				PRODUCT_NAME = "$(TARGET_NAME)";
				SWIFT_OBJC_BRIDGING_HEADER = "FintechChat/Bridging-Header.h";
				SWIFT_VERSION = 4.2;
				TARGETED_DEVICE_FAMILY = "1,2";
			};
			name = Release;
		};
/* End XCBuildConfiguration section */

/* Begin XCConfigurationList section */
		AAF22767220BD16000AF5DFA /* Build configuration list for PBXProject "FintechChat" */ = {
			isa = XCConfigurationList;
			buildConfigurations = (
				AAF2277F220BD16100AF5DFA /* Debug */,
				AAF22780220BD16100AF5DFA /* Release */,
			);
			defaultConfigurationIsVisible = 0;
			defaultConfigurationName = Release;
		};
		AAF22781220BD16100AF5DFA /* Build configuration list for PBXNativeTarget "FintechChat" */ = {
			isa = XCConfigurationList;
			buildConfigurations = (
				AAF22782220BD16100AF5DFA /* Debug */,
				AAF22783220BD16100AF5DFA /* Release */,
			);
			defaultConfigurationIsVisible = 0;
			defaultConfigurationName = Release;
		};
/* End XCConfigurationList section */

/* Begin XCVersionGroup section */
		AAF22776220BD16000AF5DFA /* FintechChat.xcdatamodeld */ = {
			isa = XCVersionGroup;
			children = (
				AAF22777220BD16000AF5DFA /* FintechChat.xcdatamodel */,
			);
			currentVersion = AAF22777220BD16000AF5DFA /* FintechChat.xcdatamodel */;
			path = FintechChat.xcdatamodeld;
			sourceTree = "<group>";
			versionGroupType = wrapper.xcdatamodel;
		};
/* End XCVersionGroup section */
	};
	rootObject = AAF22764220BD16000AF5DFA /* Project object */;
}
